
Microsoft Visual Studio Solution File, Format Version 12.00
# Visual Studio 14
VisualStudioVersion = 14.0.23107.0
MinimumVisualStudioVersion = 10.0.40219.1
Project("{FAE04EC0-301F-11D3-BF4B-00C04F79EFBC}") = "DunkBuddy", "DunkBuddy\DunkBuddy.csproj", "{ADBBD91E-77C7-48D3-8696-373E46427BB4}"
EndProject
Global
	GlobalSection(SolutionConfigurationPlatforms) = preSolution
		Debug|Any CPU = Debug|Any CPU
		Release|Any CPU = Release|Any CPU
	EndGlobalSection
	GlobalSection(ProjectConfigurationPlatforms) = postSolution
		{ADBBD91E-77C7-48D3-8696-373E46427BB4}.Debug|Any CPU.ActiveCfg = Debug|Any CPU
		{ADBBD91E-77C7-48D3-8696-373E46427BB4}.Debug|Any CPU.Build.0 = Debug|Any CPU
		{ADBBD91E-77C7-48D3-8696-373E46427BB4}.Release|Any CPU.ActiveCfg = Release|Any CPU
		{ADBBD91E-77C7-48D3-8696-373E46427BB4}.Release|Any CPU.Build.0 = Release|Any CPU
	EndGlobalSection
	GlobalSection(SolutionProperties) = preSolution
		HideSolutionNode = FALSE
	EndGlobalSection
EndGlobal
